
Microsoft Visual Studio Solution File, Format Version 12.00
# Visual Studio Version 17
VisualStudioVersion = 17.6.33829.357
MinimumVisualStudioVersion = 10.0.40219.1
Project("{FAE04EC0-301F-11D3-BF4B-00C04F79EFBC}") = "ConsoleApp1", "ConsoleApp1.csproj", "{E2272446-68A4-427A-8282-F57BFCFBE0FF}"
EndProject
Global
	GlobalSection(SolutionConfigurationPlatforms) = preSolution
		Debug|Any CPU = Debug|Any CPU
		Release|Any CPU = Release|Any CPU
	EndGlobalSection
	GlobalSection(ProjectConfigurationPlatforms) = postSolution
		{E2272446-68A4-427A-8282-F57BFCFBE0FF}.Debug|Any CPU.ActiveCfg = Debug|Any CPU
		{E2272446-68A4-427A-8282-F57BFCFBE0FF}.Debug|Any CPU.Build.0 = Debug|Any CPU
		{E2272446-68A4-427A-8282-F57BFCFBE0FF}.Release|Any CPU.ActiveCfg = Release|Any CPU
		{E2272446-68A4-427A-8282-F57BFCFBE0FF}.Release|Any CPU.Build.0 = Release|Any CPU
	EndGlobalSection
	GlobalSection(SolutionProperties) = preSolution
		HideSolutionNode = FALSE
	EndGlobalSection
	GlobalSection(ExtensibilityGlobals) = postSolution
		SolutionGuid = {F78B96C8-59E5-4903-A170-91B5ADD51BE3}
	EndGlobalSection
EndGlobal
